
Microsoft Visual Studio Solution File, Format Version 12.00
# Visual Studio Version 16
VisualStudioVersion = 16.0.29201.188
MinimumVisualStudioVersion = 10.0.40219.1
Project("{9A19103F-16F7-4668-BE54-9A1E7A4F7556}") = "Logica", "Logica\Logica.csproj", "{C691531B-9A29-44A3-8F1B-9F3F658A2DA2}"
EndProject
Project("{FAE04EC0-301F-11D3-BF4B-00C04F79EFBC}") = "OrganizadorForms", "OrganizadorForms\OrganizadorForms.csproj", "{3E1CF2C7-E4F0-4701-9C86-3030A875052E}"
EndProject
Global
	GlobalSection(SolutionConfigurationPlatforms) = preSolution
		Debug|Any CPU = Debug|Any CPU
		Release|Any CPU = Release|Any CPU
	EndGlobalSection
	GlobalSection(ProjectConfigurationPlatforms) = postSolution
		{C691531B-9A29-44A3-8F1B-9F3F658A2DA2}.Debug|Any CPU.ActiveCfg = Debug|Any CPU
		{C691531B-9A29-44A3-8F1B-9F3F658A2DA2}.Debug|Any CPU.Build.0 = Debug|Any CPU
		{C691531B-9A29-44A3-8F1B-9F3F658A2DA2}.Release|Any CPU.ActiveCfg = Release|Any CPU
		{C691531B-9A29-44A3-8F1B-9F3F658A2DA2}.Release|Any CPU.Build.0 = Release|Any CPU
		{3E1CF2C7-E4F0-4701-9C86-3030A875052E}.Debug|Any CPU.ActiveCfg = Debug|Any CPU
		{3E1CF2C7-E4F0-4701-9C86-3030A875052E}.Debug|Any CPU.Build.0 = Debug|Any CPU
		{3E1CF2C7-E4F0-4701-9C86-3030A875052E}.Release|Any CPU.ActiveCfg = Release|Any CPU
		{3E1CF2C7-E4F0-4701-9C86-3030A875052E}.Release|Any CPU.Build.0 = Release|Any CPU
	EndGlobalSection
	GlobalSection(SolutionProperties) = preSolution
		HideSolutionNode = FALSE
	EndGlobalSection
	GlobalSection(ExtensibilityGlobals) = postSolution
		SolutionGuid = {8CE4822E-8BEE-4250-81BF-65AD841F3ECC}
	EndGlobalSection
EndGlobal
